{
    "alcohol/iso4217": {
        "version": "4.1.0"
    },
    "api-platform/core": {
        "version": "3.1",
        "recipe": {
            "repo": "github.com/symfony/recipes",
            "branch": "main",
            "version": "3.0",
            "ref": "0330386d716d3eecc52ee5ac66976e733eb8f961"
        },
        "files": [
            "./config/routes/api_platform.yaml",
            "./src/ApiResource/.gitignore"
        ]
    },
    "api-platform/schema-generator": {
        "version": "v5.2.0"
    },
    "async-aws/core": {
        "version": "1.18.1"
    },
    "async-aws/sqs": {
        "version": "1.7.0"
    },
    "aws/aws-crt-php": {
        "version": "v1.2.1"
    },
    "aws/aws-sdk-php": {
        "version": "3.269.14"
    },
    "bacon/bacon-qr-code": {
        "version": "2.0.8"
    },
    "brick/math": {
        "version": "0.11.0"
    },
    "cebe/php-openapi": {
        "version": "1.7.0"
    },
    "clue/ndjson-react": {
        "version": "v1.3.0"
    },
    "clue/stream-filter": {
        "version": "v1.6.0"
    },
    "composer/package-versions-deprecated": {
        "version": "1.11.99.4"
    },
    "composer/pcre": {
        "version": "3.1.0"
    },
    "composer/semver": {
        "version": "3.3.2"
    },
    "composer/xdebug-handler": {
        "version": "3.0.3"
    },
    "dasprid/enum": {
        "version": "1.0.4"
    },
    "doctrine/annotations": {
        "version": "2.0",
        "recipe": {
            "repo": "github.com/symfony/recipes",
            "branch": "main",
            "version": "1.10",
            "ref": "64d8583af5ea57b7afa4aba4b159907f3a148b05"
        }
    },
    "doctrine/cache": {
        "version": "2.2.0"
    },
    "doctrine/collections": {
        "version": "2.1.2"
    },
    "doctrine/common": {
        "version": "3.4.3"
    },
    "doctrine/data-fixtures": {
        "version": "1.6.6"
    },
    "doctrine/dbal": {
        "version": "3.6.2"
    },
    "doctrine/deprecations": {
        "version": "v1.0.0"
    },
    "doctrine/doctrine-bundle": {
        "version": "2.9",
        "recipe": {
            "repo": "github.com/symfony/recipes",
            "branch": "main",
            "version": "2.8",
            "ref": "67961f095352f829a24c035639b3d0d3378ffbf2"
        },
        "files": [
            "./config/packages/doctrine.yaml",
            "./src/Entity/.gitignore",
            "./src/Repository/.gitignore"
        ]
    },
    "doctrine/doctrine-fixtures-bundle": {
        "version": "3.4",
        "recipe": {
            "repo": "github.com/symfony/recipes",
            "branch": "main",
            "version": "3.0",
            "ref": "1f5514cfa15b947298df4d771e694e578d4c204d"
        },
        "files": [
            "./src/DataFixtures/AppFixtures.php"
        ]
    },
    "doctrine/doctrine-migrations-bundle": {
        "version": "3.2",
        "recipe": {
            "repo": "github.com/symfony/recipes",
            "branch": "main",
            "version": "3.1",
            "ref": "1d01ec03c6ecbd67c3375c5478c9a423ae5d6a33"
        },
        "files": [
            "./config/packages/doctrine_migrations.yaml",
            "./migrations/.gitignore"
        ]
    },
    "doctrine/event-manager": {
        "version": "2.0.0"
    },
    "doctrine/inflector": {
        "version": "2.0.6"
    },
    "doctrine/instantiator": {
        "version": "2.0.0"
    },
    "doctrine/lexer": {
        "version": "2.1.0"
    },
    "doctrine/migrations": {
        "version": "3.6.0"
    },
    "doctrine/orm": {
        "version": "2.15.1"
    },
    "doctrine/persistence": {
        "version": "3.2.0"
    },
    "doctrine/sql-formatter": {
        "version": "1.1.3"
    },
    "easycorp/easyadmin-bundle": {
        "version": "4.5",
        "recipe": {
            "repo": "github.com/symfony/recipes",
            "branch": "main",
            "version": "3.0",
            "ref": "b131e6cbfe1b898a508987851963fff485986285"
        }
    },
    "egulias/email-validator": {
        "version": "4.0.1"
    },
    "endroid/qr-code": {
        "version": "4.8.2"
    },
    "enqueue/amqp-tools": {
        "version": "0.10.18"
    },
    "enqueue/dsn": {
        "version": "0.10.8"
    },
    "enqueue/enqueue": {
        "version": "0.10.18"
    },
    "enqueue/enqueue-bundle": {
        "version": "0.10",
        "recipe": {
            "repo": "github.com/symfony/recipes-contrib",
            "branch": "main",
            "version": "0.9",
            "ref": "c6ec89b63f963d10ad0d7a7bea170359c119c8bc"
        },
        "files": [
            "./config/packages/enqueue.yaml",
            "./config/packages/test/enqueue.yaml"
        ]
    },
    "enqueue/null": {
        "version": "0.10.18"
    },
    "enqueue/sns": {
        "version": "0.10.18"
    },
    "evenement/evenement": {
        "version": "v3.0.2"
    },
    "fakerphp/faker": {
        "version": "v1.22.0"
    },
    "fidry/cpu-core-counter": {
        "version": "1.2.0"
    },
    "firebase/php-jwt": {
        "version": "v6.5.0"
    },
    "friendsofphp/php-cs-fixer": {
        "version": "3.16",
        "recipe": {
            "repo": "github.com/symfony/recipes",
            "branch": "main",
            "version": "3.0",
            "ref": "be2103eb4a20942e28a6dd87736669b757132435"
        },
        "files": [
            "./.php-cs-fixer.dist.php"
        ]
    },
    "friendsofphp/proxy-manager-lts": {
        "version": "v1.0.15"
    },
    "google/apiclient": {
        "version": "2.12",
        "recipe": {
            "repo": "github.com/symfony/recipes-contrib",
            "branch": "main",
            "version": "2.10",
            "ref": "07a97ec434d43b7903c78069a04c92adb6442e52"
        },
        "files": [
            "./config/packages/google_apiclient.yaml"
        ]
    },
    "google/apiclient-services": {
        "version": "v0.300.0"
    },
    "google/auth": {
        "version": "v1.28.0"
    },
    "google/recaptcha": {
        "version": "1.3",
        "recipe": {
            "repo": "github.com/symfony/recipes-contrib",
            "branch": "main",
            "version": "1.1",
            "ref": "e5a4aa21f2e98d7440ae9aab6b56e307f99dd084"
        },
        "files": [
            "./config/packages/google_recaptcha.yaml"
        ]
    },
    "guzzlehttp/guzzle": {
        "version": "7.6.1"
    },
    "guzzlehttp/promises": {
        "version": "1.5.2"
    },
    "guzzlehttp/psr7": {
        "version": "2.5.0"
    },
    "hackzilla/password-generator": {
        "version": "1.6.0"
    },
    "hautelook/alice-bundle": {
        "version": "2.12",
        "recipe": {
            "repo": "github.com/symfony/recipes",
            "branch": "main",
            "version": "2.2",
            "ref": "c84e4f2b9d7f436d7d52e8369230b393367607ec"
        },
        "files": [
            "./config/packages/hautelook_alice.yaml",
            "./fixtures/.gitignore"
        ]
    },
    "hwi/oauth-bundle": {
        "version": "2.0",
        "recipe": {
            "repo": "github.com/symfony/recipes-contrib",
            "branch": "main",
            "version": "0.6",
            "ref": "18ce21f16066cccfa0803c9e846a2e4f4bec92ab"
        },
        "files": [
            "./config/packages/hwi_oauth.yaml",
            "./config/routes/hwi_oauth_routing.yaml"
        ]
    },
    "imagine/imagine": {
        "version": "1.3.4"
    },
    "jms/metadata": {
        "version": "2.8.0"
    },
    "justinrainbow/json-schema": {
        "version": "5.2.12"
    },
    "karser/karser-recaptcha3-bundle": {
        "version": "0.1",
        "recipe": {
            "repo": "github.com/symfony/recipes-contrib",
            "branch": "main",
            "version": "0.1",
            "ref": "c51ce07c10331d506762efe25b6f5843c1a5ea17"
        },
        "files": [
            "./config/packages/karser_recaptcha3.yaml"
        ]
    },
    "knplabs/knp-snappy": {
        "version": "v1.4.2"
    },
    "knplabs/knp-snappy-bundle": {
        "version": "1.9",
        "recipe": {
            "repo": "github.com/symfony/recipes-contrib",
            "branch": "main",
            "version": "1.5",
            "ref": "c81bdcf4a9d4e7b1959071457f9608631865d381"
        },
        "files": [
            "./config/packages/knp_snappy.yaml"
        ]
    },
    "laminas/laminas-code": {
        "version": "4.11.0"
    },
    "lcobucci/clock": {
        "version": "2.3.0"
    },
    "lcobucci/jwt": {
        "version": "4.3.0"
    },
    "league/html-to-markdown": {
        "version": "5.1.0"
    },
    "league/uri": {
        "version": "6.8.0"
    },
    "league/uri-components": {
        "version": "2.4.1"
    },
    "league/uri-interfaces": {
        "version": "2.3.0"
    },
    "liip/functional-test-bundle": {
        "version": "4.10.0"
    },
    "liip/imagine-bundle": {
        "version": "2.11",
        "recipe": {
            "repo": "github.com/symfony/recipes-contrib",
            "branch": "main",
            "version": "1.8",
            "ref": "d1227d002b70d1a1f941d91845fcd7ac7fbfc929"
        },
        "files": [
            "./config/packages/liip_imagine.yaml",
            "./config/routes/liip_imagine.yaml"
        ]
    },
    "maennchen/zipstream-php": {
        "version": "3.1.1"
    },
    "marc-mabe/php-enum": {
        "version": "v4.7.1"
    },
    "markbaker/complex": {
        "version": "3.0.2"
    },
    "markbaker/matrix": {
        "version": "3.0.1"
    },
    "masterminds/html5": {
        "version": "2.8.0"
    },
    "monolog/monolog": {
        "version": "3.3.1"
    },
    "mtdowling/jmespath.php": {
        "version": "2.6.1"
    },
    "myclabs/deep-copy": {
        "version": "1.11.1"
    },
    "nelmio/alice": {
        "version": "3.13",
        "recipe": {
            "repo": "github.com/symfony/recipes",
            "branch": "main",
            "version": "3.3",
            "ref": "42b52d2065dc3fde27912d502c18ca1926e35ae2"
        },
        "files": [
            "./config/packages/nelmio_alice.yaml"
        ]
    },
    "nelmio/api-doc-bundle": {
        "version": "4.12",
        "recipe": {
            "repo": "github.com/symfony/recipes-contrib",
            "branch": "main",
            "version": "3.0",
            "ref": "c8e0c38e1a280ab9e37587a8fa32b251d5bc1c94"
        }
    },
    "nelmio/cors-bundle": {
        "version": "2.3",
        "recipe": {
            "repo": "github.com/symfony/recipes",
            "branch": "main",
            "version": "1.5",
            "ref": "6bea22e6c564fba3a1391615cada1437d0bde39c"
        },
        "files": [
            "./config/packages/nelmio_cors.yaml"
        ]
    },
    "nette/php-generator": {
        "version": "v4.0.7"
    },
    "nette/utils": {
        "version": "v4.0.0"
    },
    "nikic/php-parser": {
        "version": "v4.15.4"
    },
    "paragonie/constant_time_encoding": {
        "version": "v2.6.3"
    },
    "paragonie/random_compat": {
        "version": "v9.99.100"
    },
    "payum/core": {
        "version": "1.7.3"
    },
    "payum/iso4217": {
        "version": "1.0.2"
    },
    "payum/payum-bundle": {
        "version": "2.5",
        "recipe": {
            "repo": "github.com/symfony/recipes-contrib",
            "branch": "main",
            "version": "2.4",
            "ref": "518ac22defa04a8a1d82479ed362e2921487adf0"
        },
        "files": [
            "./config/packages/payum.yaml"
        ]
    },
    "phar-io/manifest": {
        "version": "2.0.3"
    },
    "phar-io/version": {
        "version": "3.2.1"
    },
    "php-http/message": {
        "version": "1.16.0"
    },
    "php-webdriver/webdriver": {
        "version": "1.14.0"
    },
    "phpdocumentor/reflection-common": {
        "version": "2.2.0"
    },
    "phpdocumentor/reflection-docblock": {
        "version": "5.3.0"
    },
    "phpdocumentor/type-resolver": {
        "version": "1.6.2"
    },
    "phpoffice/phpspreadsheet": {
        "version": "5.1.0"
    },
    "phpseclib/phpseclib": {
        "version": "3.0.19"
    },
    "phpspec/prophecy": {
        "version": "v1.22.0"
    },
    "phpspec/prophecy-phpunit": {
        "version": "v2.4.0"
    },
    "phpstan/phpdoc-parser": {
        "version": "1.24.5"
    },
    "phpstan/phpstan": {
        "version": "1.10.15"
    },
    "phpstan/phpstan-symfony": {
        "version": "1.3.2"
    },
    "phpunit/php-code-coverage": {
        "version": "9.2.26"
    },
    "phpunit/php-file-iterator": {
        "version": "3.0.6"
    },
    "phpunit/php-invoker": {
        "version": "3.1.1"
    },
    "phpunit/php-text-template": {
        "version": "2.0.4"
    },
    "phpunit/php-timer": {
        "version": "5.0.3"
    },
    "phpunit/phpunit": {
        "version": "9.6",
        "recipe": {
            "repo": "github.com/symfony/recipes",
            "branch": "main",
            "version": "9.3",
            "ref": "a6249a6c4392e9169b87abf93225f7f9f59025e6"
        },
        "files": [
            "./.env.test",
            "./phpunit.xml.dist",
            "./tests/bootstrap.php"
        ]
    },
    "presta/sitemap-bundle": {
        "version": "v3.3.1"
    },
    "psr/cache": {
        "version": "3.0.0"
    },
    "psr/clock": {
        "version": "1.0.0"
    },
    "psr/container": {
        "version": "2.0.2"
    },
    "psr/event-dispatcher": {
        "version": "1.0.0"
    },
    "psr/http-client": {
        "version": "1.0.2"
    },
    "psr/http-factory": {
        "version": "1.0.2"
    },
    "psr/http-message": {
        "version": "1.1"
    },
    "psr/link": {
        "version": "2.0.1"
    },
    "psr/log": {
        "version": "3.0.0"
    },
    "psr/simple-cache": {
        "version": "3.0.0"
    },
    "queue-interop/amqp-interop": {
        "version": "0.8.2"
    },
    "queue-interop/queue-interop": {
        "version": "0.8.1"
    },
    "ralouphie/getallheaders": {
        "version": "3.0.3"
    },
    "ramsey/collection": {
        "version": "2.0.0"
    },
    "ramsey/uuid": {
        "version": "4.7.4"
    },
    "react/cache": {
        "version": "v1.2.0"
    },
    "react/child-process": {
        "version": "v0.6.5"
    },
    "react/dns": {
        "version": "v1.13.0"
    },
    "react/event-loop": {
        "version": "v1.5.0"
    },
    "react/promise": {
        "version": "v3.2.0"
    },
    "react/socket": {
        "version": "v1.16.0"
    },
    "react/stream": {
        "version": "v1.4.0"
    },
    "rector/rector": {
        "version": "0.12.23"
    },
    "scheb/2fa-backup-code": {
        "version": "v6.4.0"
    },
    "scheb/2fa-bundle": {
        "version": "6.4",
        "recipe": {
            "repo": "github.com/symfony/recipes",
            "branch": "main",
            "version": "6.0",
            "ref": "1e6f68089146853a790b5da9946fc5974f6fcd49"
        },
        "files": [
            "./config/packages/scheb_2fa.yaml",
            "./config/routes/scheb_2fa.yaml"
        ]
    },
    "scheb/2fa-email": {
        "version": "v6.4.0"
    },
    "scheb/2fa-google-authenticator": {
        "version": "v6.4.0"
    },
    "scheb/2fa-totp": {
        "version": "v6.4.0"
    },
    "scheb/2fa-trusted-device": {
        "version": "v6.4.0"
    },
    "sebastian/cli-parser": {
        "version": "1.0.1"
    },
    "sebastian/code-unit": {
        "version": "1.0.8"
    },
    "sebastian/code-unit-reverse-lookup": {
        "version": "2.0.3"
    },
    "sebastian/comparator": {
        "version": "4.0.8"
    },
    "sebastian/complexity": {
        "version": "2.0.2"
    },
    "sebastian/diff": {
        "version": "4.0.5"
    },
    "sebastian/environment": {
        "version": "5.1.5"
    },
    "sebastian/exporter": {
        "version": "4.0.5"
    },
    "sebastian/global-state": {
        "version": "5.0.5"
    },
    "sebastian/lines-of-code": {
        "version": "1.0.3"
    },
    "sebastian/object-enumerator": {
        "version": "4.0.4"
    },
    "sebastian/object-reflector": {
        "version": "2.0.4"
    },
    "sebastian/recursion-context": {
        "version": "4.0.5"
    },
    "sebastian/type": {
        "version": "3.2.1"
    },
    "sebastian/version": {
        "version": "3.0.2"
    },
    "sonata-project/exporter": {
        "version": "3.3",
        "recipe": {
            "repo": "github.com/symfony/recipes-contrib",
            "branch": "main",
            "version": "2.4",
            "ref": "93d6df022ef1dc24bdfa8667ddd560bbde89a7cc"
        }
    },
    "spomky-labs/otphp": {
        "version": "11.2.0"
    },
    "sroze/messenger-enqueue-transport": {
        "version": "0.6",
        "recipe": {
            "repo": "github.com/symfony/recipes-contrib",
            "branch": "main",
            "version": "0.1",
            "ref": "9a7119f609b576a30dbf03e4fe44212388e96ea1"
        }
    },
    "stella-maris/clock": {
        "version": "0.1.7"
    },
    "sweetrdf/easyrdf": {
        "version": "1.8.0"
    },
    "sweetrdf/rdf-helpers": {
        "version": "1.2.0"
    },
    "sweetrdf/rdf-interface": {
        "version": "1.0.1"
    },
    "symfony/amazon-sqs-messenger": {
        "version": "v5.4.22"
    },
    "symfony/amqp-messenger": {
        "version": "v5.4.22"
    },
    "symfony/asset": {
        "version": "v6.1.11"
    },
    "symfony/browser-kit": {
        "version": "v6.1.11"
    },
    "symfony/cache": {
        "version": "v6.1.11"
    },
    "symfony/cache-contracts": {
        "version": "v3.2.1"
    },
    "symfony/clock": {
        "version": "v6.4.2"
    },
    "symfony/config": {
        "version": "v6.2.0"
    },
    "symfony/console": {
        "version": "6.1",
        "recipe": {
            "repo": "github.com/symfony/recipes",
            "branch": "main",
            "version": "5.3",
            "ref": "da0c8be8157600ad34f10ff0c9cc91232522e047"
        },
        "files": [
            "./bin/console"
        ]
    },
    "symfony/css-selector": {
        "version": "v6.1.11"
    },
    "symfony/debug-bundle": {
        "version": "6.1",
        "recipe": {
            "repo": "github.com/symfony/recipes",
            "branch": "main",
            "version": "5.3",
            "ref": "5aa8aa48234c8eb6dbdd7b3cd5d791485d2cec4b"
        },
        "files": [
            "./config/packages/debug.yaml"
        ]
    },
    "symfony/dependency-injection": {
        "version": "v6.2.3"
    },
    "symfony/deprecation-contracts": {
        "version": "v3.2.1"
    },
    "symfony/doctrine-bridge": {
        "version": "v6.1.11"
    },
    "symfony/doctrine-messenger": {
        "version": "v6.1.11"
    },
    "symfony/dom-crawler": {
        "version": "v6.1.11"
    },
    "symfony/dotenv": {
        "version": "v6.1.11"
    },
    "symfony/error-handler": {
        "version": "v6.1.11"
    },
    "symfony/event-dispatcher": {
        "version": "v6.0.19"
    },
    "symfony/event-dispatcher-contracts": {
        "version": "v3.2.1"
    },
    "symfony/expression-language": {
        "version": "v6.1.11"
    },
    "symfony/filesystem": {
        "version": "v6.1.11"
    },
    "symfony/finder": {
        "version": "v6.1.11"
    },
    "symfony/flex": {
        "version": "1.18",
        "recipe": {
            "repo": "github.com/symfony/recipes",
            "branch": "main",
            "version": "1.0",
            "ref": "146251ae39e06a95be0fe3d13c807bcf3938b172"
        },
        "files": [
            "./.env"
        ]
    },
    "symfony/form": {
        "version": "v6.1.11"
    },
    "symfony/framework-bundle": {
        "version": "6.1",
        "recipe": {
            "repo": "github.com/symfony/recipes",
            "branch": "main",
            "version": "5.4",
            "ref": "3cd216a4d007b78d8554d44a5b1c0a446dab24fb"
        },
        "files": [
            "./config/packages/cache.yaml",
            "./config/packages/framework.yaml",
            "./config/preload.php",
            "./config/routes/framework.yaml",
            "./config/services.yaml",
            "./public/index.php",
            "./src/Controller/.gitignore",
            "./src/Kernel.php"
        ]
    },
    "symfony/google-mailer": {
        "version": "6.1",
        "recipe": {
            "repo": "github.com/symfony/recipes",
            "branch": "main",
            "version": "4.4",
            "ref": "f8fd4ddb9b477510f8f4bce2b9c054ab428c0120"
        }
    },
    "symfony/http-client": {
        "version": "v6.1.12"
    },
    "symfony/http-client-contracts": {
        "version": "v3.2.1"
    },
    "symfony/http-foundation": {
        "version": "v6.1.12"
    },
    "symfony/http-kernel": {
        "version": "v6.2.4"
    },
    "symfony/intl": {
        "version": "v6.1.11"
    },
    "symfony/lock": {
        "version": "6.1",
        "recipe": {
            "repo": "github.com/symfony/recipes",
            "branch": "main",
            "version": "5.2",
            "ref": "8e937ff2b4735d110af1770f242c1107fdab4c8e"
        },
        "files": [
            "./config/packages/lock.yaml"
        ]
    },
    "symfony/mailer": {
        "version": "6.1",
        "recipe": {
            "repo": "github.com/symfony/recipes",
            "branch": "main",
            "version": "4.3",
            "ref": "2bf89438209656b85b9a49238c4467bff1b1f939"
        },
        "files": [
            "./config/packages/mailer.yaml"
        ]
    },
    "symfony/maker-bundle": {
        "version": "1.48",
        "recipe": {
            "repo": "github.com/symfony/recipes",
            "branch": "main",
            "version": "1.0",
            "ref": "fadbfe33303a76e25cb63401050439aa9b1a9c7f"
        }
    },
    "symfony/mercure": {
        "version": "v0.6.3"
    },
    "symfony/mercure-bundle": {
        "version": "0.3",
        "recipe": {
            "repo": "github.com/symfony/recipes",
            "branch": "main",
            "version": "0.3",
            "ref": "851667ac03fd113c5bd2215fb743974f6709bc62"
        },
        "files": [
            "./config/packages/mercure.yaml"
        ]
    },
    "symfony/messenger": {
        "version": "6.1",
        "recipe": {
            "repo": "github.com/symfony/recipes",
            "branch": "main",
            "version": "6.0",
            "ref": "ba1ac4e919baba5644d31b57a3284d6ba12d52ee"
        },
        "files": [
            "./config/packages/messenger.yaml"
        ]
    },
    "symfony/mime": {
        "version": "v6.1.11"
    },
    "symfony/monolog-bridge": {
        "version": "v6.1.11"
    },
    "symfony/monolog-bundle": {
        "version": "3.8",
        "recipe": {
            "repo": "github.com/symfony/recipes",
            "branch": "main",
            "version": "3.7",
            "ref": "213676c4ec929f046dfde5ea8e97625b81bc0578"
        },
        "files": [
            "./config/packages/monolog.yaml"
        ]
    },
    "symfony/notifier": {
        "version": "6.1",
        "recipe": {
            "repo": "github.com/symfony/recipes",
            "branch": "main",
            "version": "5.0",
            "ref": "c31585e252b32fe0e1f30b1f256af553f4a06eb9"
        },
        "files": [
            "./config/packages/notifier.yaml"
        ]
    },
    "symfony/options-resolver": {
        "version": "v6.1.11"
    },
    "symfony/panther": {
        "version": "2.0",
        "recipe": {
            "repo": "github.com/symfony/recipes",
            "branch": "main",
            "version": "1.0",
            "ref": "877d853a05c6713665a2f4b954734592680abff6"
        }
    },
    "symfony/password-hasher": {
        "version": "v6.1.11"
    },
    "symfony/phpunit-bridge": {
        "version": "6.2",
        "recipe": {
            "repo": "github.com/symfony/recipes",
            "branch": "main",
            "version": "5.3",
            "ref": "819d3d2ffa4590eba0b8f4f3e5e89415ee4e45c3"
        },
        "files": [
            "./.env.test",
            "./bin/phpunit",
            "./phpunit.xml.dist",
            "./tests/bootstrap.php"
        ]
    },
    "symfony/polyfill-intl-icu": {
        "version": "v1.27.0"
    },
    "symfony/polyfill-intl-idn": {
        "version": "v1.27.0"
    },
    "symfony/polyfill-php83": {
        "version": "v1.27.0"
    },
    "symfony/polyfill-php84": {
        "version": "v1.31.0"
    },
    "symfony/polyfill-uuid": {
        "version": "v1.27.0"
    },
    "symfony/process": {
        "version": "v6.1.11"
    },
    "symfony/property-access": {
        "version": "v6.1.11"
    },
    "symfony/property-info": {
        "version": "v6.1.11"
    },
    "symfony/proxy-manager-bridge": {
        "version": "v6.2.0"
    },
    "symfony/rate-limiter": {
        "version": "v6.1.11"
    },
    "symfony/routing": {
        "version": "6.1",
        "recipe": {
            "repo": "github.com/symfony/recipes",
            "branch": "main",
            "version": "6.1",
            "ref": "a44010c0d06989bd4f154aa07d2542d47caf5b83"
        },
        "files": [
            "./config/packages/routing.yaml",
            "./config/routes.yaml"
        ]
    },
    "symfony/runtime": {
        "version": "v6.1.11"
    },
    "symfony/security-bundle": {
        "version": "6.1",
        "recipe": {
            "repo": "github.com/symfony/recipes",
            "branch": "main",
            "version": "6.0",
            "ref": "8a5b112826f7d3d5b07027f93786ae11a1c7de48"
        },
        "files": [
            "./config/packages/security.yaml"
        ]
    },
    "symfony/security-core": {
        "version": "v6.1.11"
    },
    "symfony/security-csrf": {
        "version": "v6.1.11"
    },
    "symfony/security-http": {
        "version": "v6.1.12"
    },
    "symfony/serializer": {
        "version": "v6.1.11"
    },
    "symfony/service-contracts": {
        "version": "v3.2.1"
    },
    "symfony/stopwatch": {
        "version": "v6.1.11"
    },
    "symfony/string": {
        "version": "v6.1.11"
    },
    "symfony/telegram-notifier": {
        "version": "6.1",
        "recipe": {
            "repo": "github.com/symfony/recipes",
            "branch": "main",
            "version": "5.0",
            "ref": "5cf5c19e8fdcbf922de680cdf8d65fa7d77758ae"
        }
    },
    "symfony/translation": {
        "version": "6.1",
        "recipe": {
            "repo": "github.com/symfony/recipes",
            "branch": "main",
            "version": "5.3",
            "ref": "da64f5a2b6d96f5dc24914517c0350a5f91dee43"
        },
        "files": [
            "./config/packages/translation.yaml",
            "./translations/.gitignore"
        ]
    },
    "symfony/translation-contracts": {
        "version": "v3.2.1"
    },
    "symfony/twig-bridge": {
        "version": "v6.1.11"
    },
    "symfony/twig-bundle": {
        "version": "6.1",
        "recipe": {
            "repo": "github.com/symfony/recipes",
            "branch": "main",
            "version": "5.4",
            "ref": "bb2178c57eee79e6be0b297aa96fc0c0def81387"
        },
        "files": [
            "./config/packages/twig.yaml",
            "./templates/base.html.twig"
        ]
    },
    "symfony/twilio-notifier": {
        "version": "6.1",
        "recipe": {
            "repo": "github.com/symfony/recipes",
            "branch": "main",
            "version": "5.0",
            "ref": "eb697fe6a90b4972a4a544b4f7ea56520d29d9e9"
        }
    },
    "symfony/uid": {
        "version": "6.4",
        "recipe": {
            "repo": "github.com/symfony/recipes",
            "branch": "main",
            "version": "6.2",
            "ref": "d294ad4add3e15d7eb1bae0221588ca89b38e558"
        },
        "files": [
            "./config/packages/uid.yaml"
        ]
    },
    "symfony/validator": {
        "version": "6.2",
        "recipe": {
            "repo": "github.com/symfony/recipes",
            "branch": "main",
            "version": "5.3",
            "ref": "c32cfd98f714894c4f128bb99aa2530c1227603c"
        },
        "files": [
            "./config/packages/validator.yaml"
        ]
    },
    "symfony/var-dumper": {
        "version": "v6.1.11"
    },
    "symfony/var-exporter": {
        "version": "v6.2.3"
    },
    "symfony/web-link": {
        "version": "v6.1.11"
    },
    "symfony/web-profiler-bundle": {
        "version": "6.1",
        "recipe": {
            "repo": "github.com/symfony/recipes",
            "branch": "main",
            "version": "6.1",
            "ref": "e42b3f0177df239add25373083a564e5ead4e13a"
        },
        "files": [
            "./config/packages/web_profiler.yaml",
            "./config/routes/web_profiler.yaml"
        ]
    },
    "symfony/webpack-encore-bundle": {
        "version": "1.16",
        "recipe": {
            "repo": "github.com/symfony/recipes",
            "branch": "main",
            "version": "1.10",
            "ref": "f8fc53f1942f76679e9ee3c25fd44865355707b5"
        },
        "files": [
            "./assets/app.js",
            "./assets/bootstrap.js",
            "./assets/controllers.json",
            "./assets/controllers/hello_controller.js",
            "./assets/styles/app.css",
            "./config/packages/webpack_encore.yaml",
            "./package.json",
            "./webpack.config.js"
        ]
    },
    "symfony/workflow": {
        "version": "5.4",
        "recipe": {
            "repo": "github.com/symfony/recipes",
            "branch": "main",
            "version": "3.3",
            "ref": "3b2f8ca32a07fcb00f899649053943fa3d8bbfb6"
        },
        "files": [
            "./config/packages/workflow.yaml"
        ]
    },
    "symfony/yaml": {
        "version": "v6.0.19"
    },
    "symfonycasts/verify-email-bundle": {
        "version": "v1.13.0"
    },
    "theofidry/alice-data-fixtures": {
        "version": "1.6",
        "recipe": {
            "repo": "github.com/symfony/recipes",
            "branch": "main",
            "version": "1.0",
            "ref": "fe5a50faf580eb58f08ada2abe8afbd2d4941e05"
        }
    },
    "theseer/tokenizer": {
        "version": "1.2.1"
    },
    "twig/extra-bundle": {
        "version": "v3.6.0"
    },
    "twig/intl-extra": {
        "version": "v3.6.0"
    },
    "twig/string-extra": {
        "version": "v3.6.0"
    },
    "twig/twig": {
        "version": "v3.6.0"
    },
    "twilio/sdk": {
        "version": "6.44.4"
    },
    "vich/uploader-bundle": {
        "version": "1.23",
        "recipe": {
            "repo": "github.com/symfony/recipes-contrib",
            "branch": "main",
            "version": "1.13",
            "ref": "1b3064c2f6b255c2bc2f56461aaeb76b11e07e36"
        },
        "files": [
            "./config/packages/vich_uploader.yaml"
        ]
    },
    "webmozart/assert": {
        "version": "1.11.0"
    },
    "willdurand/negotiation": {
        "version": "3.1.0"
    },
    "zenstruck/assert": {
        "version": "v1.5.1"
    },
    "zenstruck/foundry": {
        "version": "2.7",
        "recipe": {
            "repo": "github.com/symfony/recipes",
            "branch": "main",
            "version": "2.0",
            "ref": "56bc588a1b6d5d218319f70c64c2f0fbebe30ec7"
        },
        "files": [
            "./config/packages/zenstruck_foundry.yaml"
        ]
    },
    "zircote/swagger-php": {
        "version": "4.8.1"
    },
    "zozlak/rdf-constants": {
        "version": "1.2.1"
    }
}
